
Microsoft Visual Studio Solution File, Format Version 12.00
# Visual Studio Version 17
VisualStudioVersion = 17.0.31717.71
MinimumVisualStudioVersion = 10.0.40219.1
Project("{2150E333-8FDC-42A3-9474-1A3956D46DE8}") = "Src", "Src", "{83D71FC0-D10E-471C-A239-5975CE1DEB14}"
EndProject
Project("{2150E333-8FDC-42A3-9474-1A3956D46DE8}") = "Doc", "Doc", "{74CE2DB2-C8DD-49BE-87F1-ED1C3844FF55}"
EndProject
Project("{2150E333-8FDC-42A3-9474-1A3956D46DE8}") = "Test", "Test", "{AB48F927-2E77-4549-871A-948A865D48B0}"
EndProject
Project("{D954291E-2A0B-460D-934E-DC6B0785DB48}") = "JenkinsWebApiUnitTestShare", "Test\JenkinsWebApiUnitTestShare\JenkinsWebApiUnitTestShare.shproj", "{641DBFCA-95FE-4B32-8C2C-F18B5B7DD01E}"
EndProject
Project("{D954291E-2A0B-460D-934E-DC6B0785DB48}") = "JenkinsWebApiShare", "Src\JenkinsWebApiShare\JenkinsWebApiShare.shproj", "{019188A5-FA33-42BD-BA63-162CC7349C2D}"
EndProject
Project("{D954291E-2A0B-460D-934E-DC6B0785DB48}") = "JenkinsWebApiOldShare", "Src\JenkinsWebApiOldShare\JenkinsWebApiOldShare.shproj", "{624BD716-9659-4408-B278-ABE76FCB4372}"
EndProject
Project("{FAE04EC0-301F-11D3-BF4B-00C04F79EFBC}") = "JenkinsWebApi80", "Src\JenkinsWebApi80\JenkinsWebApi80.csproj", "{3B1D0EC5-C38B-47EF-AEA5-03AB091ADACB}"
EndProject
Project("{FAE04EC0-301F-11D3-BF4B-00C04F79EFBC}") = "JenkinsWebApi90", "Src\JenkinsWebApi90\JenkinsWebApi90.csproj", "{91F7ADC6-274F-4C6A-84A4-D3A6711E9D0A}"
EndProject
Project("{FAE04EC0-301F-11D3-BF4B-00C04F79EFBC}") = "JenkinsWebApiUnitTest80", "Test\JenkinsWebApiUnitTest80\JenkinsWebApiUnitTest80.csproj", "{8BD078A0-C70F-4175-818F-253B670FEAD1}"
EndProject
Project("{FAE04EC0-301F-11D3-BF4B-00C04F79EFBC}") = "JenkinsWebApiUnitTest90", "Test\JenkinsWebApiUnitTest90\JenkinsWebApiUnitTest90.csproj", "{12976663-7F48-4F1E-B17D-25558AA616ED}"
EndProject
Global
	GlobalSection(SolutionConfigurationPlatforms) = preSolution
		Debug|Any CPU = Debug|Any CPU
		Debug|ARM = Debug|ARM
		Debug|ARM64 = Debug|ARM64
		Debug|x64 = Debug|x64
		Debug|x86 = Debug|x86
		Release|Any CPU = Release|Any CPU
		Release|ARM = Release|ARM
		Release|ARM64 = Release|ARM64
		Release|x64 = Release|x64
		Release|x86 = Release|x86
	EndGlobalSection
	GlobalSection(ProjectConfigurationPlatforms) = postSolution
		{3B1D0EC5-C38B-47EF-AEA5-03AB091ADACB}.Debug|Any CPU.ActiveCfg = Debug|Any CPU
		{3B1D0EC5-C38B-47EF-AEA5-03AB091ADACB}.Debug|Any CPU.Build.0 = Debug|Any CPU
		{3B1D0EC5-C38B-47EF-AEA5-03AB091ADACB}.Debug|ARM.ActiveCfg = Debug|Any CPU
		{3B1D0EC5-C38B-47EF-AEA5-03AB091ADACB}.Debug|ARM.Build.0 = Debug|Any CPU
		{3B1D0EC5-C38B-47EF-AEA5-03AB091ADACB}.Debug|ARM64.ActiveCfg = Debug|Any CPU
		{3B1D0EC5-C38B-47EF-AEA5-03AB091ADACB}.Debug|ARM64.Build.0 = Debug|Any CPU
		{3B1D0EC5-C38B-47EF-AEA5-03AB091ADACB}.Debug|x64.ActiveCfg = Debug|Any CPU
		{3B1D0EC5-C38B-47EF-AEA5-03AB091ADACB}.Debug|x64.Build.0 = Debug|Any CPU
		{3B1D0EC5-C38B-47EF-AEA5-03AB091ADACB}.Debug|x86.ActiveCfg = Debug|Any CPU
		{3B1D0EC5-C38B-47EF-AEA5-03AB091ADACB}.Debug|x86.Build.0 = Debug|Any CPU
		{3B1D0EC5-C38B-47EF-AEA5-03AB091ADACB}.Release|Any CPU.ActiveCfg = Release|Any CPU
		{3B1D0EC5-C38B-47EF-AEA5-03AB091ADACB}.Release|Any CPU.Build.0 = Release|Any CPU
		{3B1D0EC5-C38B-47EF-AEA5-03AB091ADACB}.Release|ARM.ActiveCfg = Release|Any CPU
		{3B1D0EC5-C38B-47EF-AEA5-03AB091ADACB}.Release|ARM.Build.0 = Release|Any CPU
		{3B1D0EC5-C38B-47EF-AEA5-03AB091ADACB}.Release|ARM64.ActiveCfg = Release|Any CPU
		{3B1D0EC5-C38B-47EF-AEA5-03AB091ADACB}.Release|ARM64.Build.0 = Release|Any CPU
		{3B1D0EC5-C38B-47EF-AEA5-03AB091ADACB}.Release|x64.ActiveCfg = Release|Any CPU
		{3B1D0EC5-C38B-47EF-AEA5-03AB091ADACB}.Release|x64.Build.0 = Release|Any CPU
		{3B1D0EC5-C38B-47EF-AEA5-03AB091ADACB}.Release|x86.ActiveCfg = Release|Any CPU
		{3B1D0EC5-C38B-47EF-AEA5-03AB091ADACB}.Release|x86.Build.0 = Release|Any CPU
		{91F7ADC6-274F-4C6A-84A4-D3A6711E9D0A}.Debug|Any CPU.ActiveCfg = Debug|Any CPU
		{91F7ADC6-274F-4C6A-84A4-D3A6711E9D0A}.Debug|Any CPU.Build.0 = Debug|Any CPU
		{91F7ADC6-274F-4C6A-84A4-D3A6711E9D0A}.Debug|ARM.ActiveCfg = Debug|Any CPU
		{91F7ADC6-274F-4C6A-84A4-D3A6711E9D0A}.Debug|ARM.Build.0 = Debug|Any CPU
		{91F7ADC6-274F-4C6A-84A4-D3A6711E9D0A}.Debug|ARM64.ActiveCfg = Debug|Any CPU
		{91F7ADC6-274F-4C6A-84A4-D3A6711E9D0A}.Debug|ARM64.Build.0 = Debug|Any CPU
		{91F7ADC6-274F-4C6A-84A4-D3A6711E9D0A}.Debug|x64.ActiveCfg = Debug|Any CPU
		{91F7ADC6-274F-4C6A-84A4-D3A6711E9D0A}.Debug|x64.Build.0 = Debug|Any CPU
		{91F7ADC6-274F-4C6A-84A4-D3A6711E9D0A}.Debug|x86.ActiveCfg = Debug|Any CPU
		{91F7ADC6-274F-4C6A-84A4-D3A6711E9D0A}.Debug|x86.Build.0 = Debug|Any CPU
		{91F7ADC6-274F-4C6A-84A4-D3A6711E9D0A}.Release|Any CPU.ActiveCfg = Release|Any CPU
		{91F7ADC6-274F-4C6A-84A4-D3A6711E9D0A}.Release|Any CPU.Build.0 = Release|Any CPU
		{91F7ADC6-274F-4C6A-84A4-D3A6711E9D0A}.Release|ARM.ActiveCfg = Release|Any CPU
		{91F7ADC6-274F-4C6A-84A4-D3A6711E9D0A}.Release|ARM.Build.0 = Release|Any CPU
		{91F7ADC6-274F-4C6A-84A4-D3A6711E9D0A}.Release|ARM64.ActiveCfg = Release|Any CPU
		{91F7ADC6-274F-4C6A-84A4-D3A6711E9D0A}.Release|ARM64.Build.0 = Release|Any CPU
		{91F7ADC6-274F-4C6A-84A4-D3A6711E9D0A}.Release|x64.ActiveCfg = Release|Any CPU
		{91F7ADC6-274F-4C6A-84A4-D3A6711E9D0A}.Release|x64.Build.0 = Release|Any CPU
		{91F7ADC6-274F-4C6A-84A4-D3A6711E9D0A}.Release|x86.ActiveCfg = Release|Any CPU
		{91F7ADC6-274F-4C6A-84A4-D3A6711E9D0A}.Release|x86.Build.0 = Release|Any CPU
		{8BD078A0-C70F-4175-818F-253B670FEAD1}.Debug|Any CPU.ActiveCfg = Debug|Any CPU
		{8BD078A0-C70F-4175-818F-253B670FEAD1}.Debug|Any CPU.Build.0 = Debug|Any CPU
		{8BD078A0-C70F-4175-818F-253B670FEAD1}.Debug|ARM.ActiveCfg = Debug|Any CPU
		{8BD078A0-C70F-4175-818F-253B670FEAD1}.Debug|ARM.Build.0 = Debug|Any CPU
		{8BD078A0-C70F-4175-818F-253B670FEAD1}.Debug|ARM64.ActiveCfg = Debug|Any CPU
		{8BD078A0-C70F-4175-818F-253B670FEAD1}.Debug|ARM64.Build.0 = Debug|Any CPU
		{8BD078A0-C70F-4175-818F-253B670FEAD1}.Debug|x64.ActiveCfg = Debug|Any CPU
		{8BD078A0-C70F-4175-818F-253B670FEAD1}.Debug|x64.Build.0 = Debug|Any CPU
		{8BD078A0-C70F-4175-818F-253B670FEAD1}.Debug|x86.ActiveCfg = Debug|Any CPU
		{8BD078A0-C70F-4175-818F-253B670FEAD1}.Debug|x86.Build.0 = Debug|Any CPU
		{8BD078A0-C70F-4175-818F-253B670FEAD1}.Release|Any CPU.ActiveCfg = Release|Any CPU
		{8BD078A0-C70F-4175-818F-253B670FEAD1}.Release|Any CPU.Build.0 = Release|Any CPU
		{8BD078A0-C70F-4175-818F-253B670FEAD1}.Release|ARM.ActiveCfg = Release|Any CPU
		{8BD078A0-C70F-4175-818F-253B670FEAD1}.Release|ARM.Build.0 = Release|Any CPU
		{8BD078A0-C70F-4175-818F-253B670FEAD1}.Release|ARM64.ActiveCfg = Release|Any CPU
		{8BD078A0-C70F-4175-818F-253B670FEAD1}.Release|ARM64.Build.0 = Release|Any CPU
		{8BD078A0-C70F-4175-818F-253B670FEAD1}.Release|x64.ActiveCfg = Release|Any CPU
		{8BD078A0-C70F-4175-818F-253B670FEAD1}.Release|x64.Build.0 = Release|Any CPU
		{8BD078A0-C70F-4175-818F-253B670FEAD1}.Release|x86.ActiveCfg = Release|Any CPU
		{8BD078A0-C70F-4175-818F-253B670FEAD1}.Release|x86.Build.0 = Release|Any CPU
		{12976663-7F48-4F1E-B17D-25558AA616ED}.Debug|Any CPU.ActiveCfg = Debug|Any CPU
		{12976663-7F48-4F1E-B17D-25558AA616ED}.Debug|Any CPU.Build.0 = Debug|Any CPU
		{12976663-7F48-4F1E-B17D-25558AA616ED}.Debug|ARM.ActiveCfg = Debug|Any CPU
		{12976663-7F48-4F1E-B17D-25558AA616ED}.Debug|ARM.Build.0 = Debug|Any CPU
		{12976663-7F48-4F1E-B17D-25558AA616ED}.Debug|ARM64.ActiveCfg = Debug|Any CPU
		{12976663-7F48-4F1E-B17D-25558AA616ED}.Debug|ARM64.Build.0 = Debug|Any CPU
		{12976663-7F48-4F1E-B17D-25558AA616ED}.Debug|x64.ActiveCfg = Debug|Any CPU
		{12976663-7F48-4F1E-B17D-25558AA616ED}.Debug|x64.Build.0 = Debug|Any CPU
		{12976663-7F48-4F1E-B17D-25558AA616ED}.Debug|x86.ActiveCfg = Debug|Any CPU
		{12976663-7F48-4F1E-B17D-25558AA616ED}.Debug|x86.Build.0 = Debug|Any CPU
		{12976663-7F48-4F1E-B17D-25558AA616ED}.Release|Any CPU.ActiveCfg = Release|Any CPU
		{12976663-7F48-4F1E-B17D-25558AA616ED}.Release|Any CPU.Build.0 = Release|Any CPU
		{12976663-7F48-4F1E-B17D-25558AA616ED}.Release|ARM.ActiveCfg = Release|Any CPU
		{12976663-7F48-4F1E-B17D-25558AA616ED}.Release|ARM.Build.0 = Release|Any CPU
		{12976663-7F48-4F1E-B17D-25558AA616ED}.Release|ARM64.ActiveCfg = Release|Any CPU
		{12976663-7F48-4F1E-B17D-25558AA616ED}.Release|ARM64.Build.0 = Release|Any CPU
		{12976663-7F48-4F1E-B17D-25558AA616ED}.Release|x64.ActiveCfg = Release|Any CPU
		{12976663-7F48-4F1E-B17D-25558AA616ED}.Release|x64.Build.0 = Release|Any CPU
		{12976663-7F48-4F1E-B17D-25558AA616ED}.Release|x86.ActiveCfg = Release|Any CPU
		{12976663-7F48-4F1E-B17D-25558AA616ED}.Release|x86.Build.0 = Release|Any CPU
	EndGlobalSection
	GlobalSection(SolutionProperties) = preSolution
		HideSolutionNode = FALSE
	EndGlobalSection
	GlobalSection(NestedProjects) = preSolution
		{641DBFCA-95FE-4B32-8C2C-F18B5B7DD01E} = {AB48F927-2E77-4549-871A-948A865D48B0}
		{019188A5-FA33-42BD-BA63-162CC7349C2D} = {83D71FC0-D10E-471C-A239-5975CE1DEB14}
		{624BD716-9659-4408-B278-ABE76FCB4372} = {83D71FC0-D10E-471C-A239-5975CE1DEB14}
		{3B1D0EC5-C38B-47EF-AEA5-03AB091ADACB} = {83D71FC0-D10E-471C-A239-5975CE1DEB14}
		{91F7ADC6-274F-4C6A-84A4-D3A6711E9D0A} = {83D71FC0-D10E-471C-A239-5975CE1DEB14}
		{8BD078A0-C70F-4175-818F-253B670FEAD1} = {AB48F927-2E77-4549-871A-948A865D48B0}
		{12976663-7F48-4F1E-B17D-25558AA616ED} = {AB48F927-2E77-4549-871A-948A865D48B0}
	EndGlobalSection
	GlobalSection(ExtensibilityGlobals) = postSolution
		SolutionGuid = {27120C5C-0E2D-48C4-97B5-3B04F4D7C011}
	EndGlobalSection
	GlobalSection(SharedMSBuildProjectFiles) = preSolution
		Src\JenkinsWebApiShare\JenkinsWebApiShare.projitems*{019188a5-fa33-42bd-ba63-162cc7349c2d}*SharedItemsImports = 13
		Test\JenkinsWebApiUnitTestShare\JenkinsWebApiUnitTestShare.projitems*{12976663-7f48-4f1e-b17d-25558aa616ed}*SharedItemsImports = 5
		Src\JenkinsWebApiShare\JenkinsWebApiShare.projitems*{3b1d0ec5-c38b-47ef-aea5-03ab091adacb}*SharedItemsImports = 5
		..\WebServiceClient\Src\WebServiceClientShare\WebServiceClientShare.projitems*{3b1d0ec5-c38b-47ef-aea5-03ab091adacb}*SharedItemsImports = 5
		Src\JenkinsWebApiOldShare\JenkinsWebApiOldShare.projitems*{624bd716-9659-4408-b278-abe76fcb4372}*SharedItemsImports = 13
		Test\JenkinsWebApiUnitTestShare\JenkinsWebApiUnitTestShare.projitems*{641dbfca-95fe-4b32-8c2c-f18b5b7dd01e}*SharedItemsImports = 13
		Test\JenkinsWebApiUnitTestShare\JenkinsWebApiUnitTestShare.projitems*{8bd078a0-c70f-4175-818f-253b670fead1}*SharedItemsImports = 5
		Src\JenkinsWebApiShare\JenkinsWebApiShare.projitems*{91f7adc6-274f-4c6a-84a4-d3a6711e9d0a}*SharedItemsImports = 5
		..\WebServiceClient\Src\WebServiceClientShare\WebServiceClientShare.projitems*{91f7adc6-274f-4c6a-84a4-d3a6711e9d0a}*SharedItemsImports = 5
	EndGlobalSection
EndGlobal
